
Microsoft Visual Studio Solution File, Format Version 12.00
# Visual Studio Version 16
VisualStudioVersion = 16.0.30114.105
MinimumVisualStudioVersion = 10.0.40219.1
Project("{FAE04EC0-301F-11D3-BF4B-00C04F79EFBC}") = "test1", "test1\test1.csproj", "{EF48BBAD-920C-4982-A16C-F9A765953C89}"
EndProject
Project("{FAE04EC0-301F-11D3-BF4B-00C04F79EFBC}") = "test1.Tests", "test1.Tests\test1.Tests.csproj", "{A8B0AE19-2147-4BA6-A500-F49B78C934AD}"
EndProject
Global
	GlobalSection(SolutionConfigurationPlatforms) = preSolution
		Debug|Any CPU = Debug|Any CPU
		Debug|x64 = Debug|x64
		Debug|x86 = Debug|x86
		Release|Any CPU = Release|Any CPU
		Release|x64 = Release|x64
		Release|x86 = Release|x86
	EndGlobalSection
	GlobalSection(SolutionProperties) = preSolution
		HideSolutionNode = FALSE
	EndGlobalSection
	GlobalSection(ProjectConfigurationPlatforms) = postSolution
		{EF48BBAD-920C-4982-A16C-F9A765953C89}.Debug|Any CPU.ActiveCfg = Debug|Any CPU
		{EF48BBAD-920C-4982-A16C-F9A765953C89}.Debug|Any CPU.Build.0 = Debug|Any CPU
		{EF48BBAD-920C-4982-A16C-F9A765953C89}.Debug|x64.ActiveCfg = Debug|Any CPU
		{EF48BBAD-920C-4982-A16C-F9A765953C89}.Debug|x64.Build.0 = Debug|Any CPU
		{EF48BBAD-920C-4982-A16C-F9A765953C89}.Debug|x86.ActiveCfg = Debug|Any CPU
		{EF48BBAD-920C-4982-A16C-F9A765953C89}.Debug|x86.Build.0 = Debug|Any CPU
		{EF48BBAD-920C-4982-A16C-F9A765953C89}.Release|Any CPU.ActiveCfg = Release|Any CPU
		{EF48BBAD-920C-4982-A16C-F9A765953C89}.Release|Any CPU.Build.0 = Release|Any CPU
		{EF48BBAD-920C-4982-A16C-F9A765953C89}.Release|x64.ActiveCfg = Release|Any CPU
		{EF48BBAD-920C-4982-A16C-F9A765953C89}.Release|x64.Build.0 = Release|Any CPU
		{EF48BBAD-920C-4982-A16C-F9A765953C89}.Release|x86.ActiveCfg = Release|Any CPU
		{EF48BBAD-920C-4982-A16C-F9A765953C89}.Release|x86.Build.0 = Release|Any CPU
		{A8B0AE19-2147-4BA6-A500-F49B78C934AD}.Debug|Any CPU.ActiveCfg = Debug|Any CPU
		{A8B0AE19-2147-4BA6-A500-F49B78C934AD}.Debug|Any CPU.Build.0 = Debug|Any CPU
		{A8B0AE19-2147-4BA6-A500-F49B78C934AD}.Debug|x64.ActiveCfg = Debug|Any CPU
		{A8B0AE19-2147-4BA6-A500-F49B78C934AD}.Debug|x64.Build.0 = Debug|Any CPU
		{A8B0AE19-2147-4BA6-A500-F49B78C934AD}.Debug|x86.ActiveCfg = Debug|Any CPU
		{A8B0AE19-2147-4BA6-A500-F49B78C934AD}.Debug|x86.Build.0 = Debug|Any CPU
		{A8B0AE19-2147-4BA6-A500-F49B78C934AD}.Release|Any CPU.ActiveCfg = Release|Any CPU
		{A8B0AE19-2147-4BA6-A500-F49B78C934AD}.Release|Any CPU.Build.0 = Release|Any CPU
		{A8B0AE19-2147-4BA6-A500-F49B78C934AD}.Release|x64.ActiveCfg = Release|Any CPU
		{A8B0AE19-2147-4BA6-A500-F49B78C934AD}.Release|x64.Build.0 = Release|Any CPU
		{A8B0AE19-2147-4BA6-A500-F49B78C934AD}.Release|x86.ActiveCfg = Release|Any CPU
		{A8B0AE19-2147-4BA6-A500-F49B78C934AD}.Release|x86.Build.0 = Release|Any CPU
	EndGlobalSection
EndGlobal
